
Microsoft Visual Studio Solution File, Format Version 12.00
# Visual Studio Version 17
VisualStudioVersion = 17.4.33110.190
MinimumVisualStudioVersion = 10.0.40219.1
Project("{9A19103F-16F7-4668-BE54-9A1E7A4F7556}") = "ReversiTests", "ReversiTests\ReversiTests.csproj", "{253C7B91-ED9F-4C47-8A6E-EDE94EED2821}"
EndProject
Project("{9A19103F-16F7-4668-BE54-9A1E7A4F7556}") = "ReversiMvcApp", "ReversiMvcApp\ReversiMvcApp.csproj", "{4BBD540E-F995-41D5-B24E-F72B5FAFE87B}"
EndProject
Project("{9A19103F-16F7-4668-BE54-9A1E7A4F7556}") = "ReversiRestApi", "ReversiRestApi\ReversiRestApi.csproj", "{83E3BAEE-D916-4AE3-891A-B1AA2FCCBC8B}"
EndProject
Global
	GlobalSection(SolutionConfigurationPlatforms) = preSolution
		Debug|Any CPU = Debug|Any CPU
		Release|Any CPU = Release|Any CPU
	EndGlobalSection
	GlobalSection(ProjectConfigurationPlatforms) = postSolution
		{253C7B91-ED9F-4C47-8A6E-EDE94EED2821}.Debug|Any CPU.ActiveCfg = Debug|Any CPU
		{253C7B91-ED9F-4C47-8A6E-EDE94EED2821}.Debug|Any CPU.Build.0 = Debug|Any CPU
		{253C7B91-ED9F-4C47-8A6E-EDE94EED2821}.Release|Any CPU.ActiveCfg = Release|Any CPU
		{253C7B91-ED9F-4C47-8A6E-EDE94EED2821}.Release|Any CPU.Build.0 = Release|Any CPU
		{4BBD540E-F995-41D5-B24E-F72B5FAFE87B}.Debug|Any CPU.ActiveCfg = Debug|Any CPU
		{4BBD540E-F995-41D5-B24E-F72B5FAFE87B}.Debug|Any CPU.Build.0 = Debug|Any CPU
		{4BBD540E-F995-41D5-B24E-F72B5FAFE87B}.Release|Any CPU.ActiveCfg = Release|Any CPU
		{4BBD540E-F995-41D5-B24E-F72B5FAFE87B}.Release|Any CPU.Build.0 = Release|Any CPU
		{83E3BAEE-D916-4AE3-891A-B1AA2FCCBC8B}.Debug|Any CPU.ActiveCfg = Debug|Any CPU
		{83E3BAEE-D916-4AE3-891A-B1AA2FCCBC8B}.Debug|Any CPU.Build.0 = Debug|Any CPU
		{83E3BAEE-D916-4AE3-891A-B1AA2FCCBC8B}.Release|Any CPU.ActiveCfg = Release|Any CPU
		{83E3BAEE-D916-4AE3-891A-B1AA2FCCBC8B}.Release|Any CPU.Build.0 = Release|Any CPU
	EndGlobalSection
	GlobalSection(SolutionProperties) = preSolution
		HideSolutionNode = FALSE
	EndGlobalSection
	GlobalSection(ExtensibilityGlobals) = postSolution
		SolutionGuid = {8BBB4D07-B2E6-4DEE-9C0F-2AB531E843E2}
	EndGlobalSection
EndGlobal
